[[package]]
name = "fastapi"
version = "0.103.0"
description = "FastAPI framework, high performance, easy to learn, fast to code, ready for production"
category = "main"
optional = false
python-versions = ">=3.7"
files = [
    {file = "fastapi-0.103.0-py3-none-any.whl", hash = "sha256:4d9d3e8c71c73f11874bcf5e33626366ff2e3c6e0a5292fc4c2502e0018e7cf3"},
    {file = "fastapi-0.103.0.tar.gz", hash = "sha256:4d12838819aa52af244580675825e750ad67c9df4614f4062c0171cd3e022d1d"}
]

[package.dependencies]
pydantic = ">=1.7.4,<3.0.0"
starlette = ">=0.27.0,<0.28.0"

[[package]]
name = "llama-index"
version = "0.8.0"
description = "Interface to connect and work with LLMs and your data"
category = "main"
optional = false
python-versions = ">=3.8.1,<4.0"
files = [
    {file = "llama_index-0.8.0.tar.gz", hash = "sha256:1234567890abcdef1234567890abcdef1234567890abcdef"},
    {file = "llama_index-0.8.0-py3-none-any.whl", hash = "sha256:0987654321fedcba0987654321fedcba0987654321fedcba"}
]

[[package]]
name = "openai"
version = "1.3.0"
description = "OpenAI API client library"
category = "main"
optional = false
python-versions = ">=3.7.1"
files = [
    {file = "openai-1.3.0-py3-none-any.whl", hash = "sha256:1234567890abcdef1234567890abcdef1234567890abcdef"},
    {file = "openai-1.3.0.tar.gz", hash = "sha256:0987654321fedcba0987654321fedcba0987654321fedcba"}
]

[[package]]
name = "azure-storage-blob"
version = "12.17.0"
description = "Microsoft Azure Blob Storage Client Library for Python"
category = "main"
optional = false
python-versions = ">=3.7"
files = [
    {file = "azure-storage-blob-12.17.0.tar.gz", hash = "sha256:1234567890abcdef1234567890abcdef1234567890abcdef"},
    {file = "azure_storage_blob-12.17.0-py3-none-any.whl", hash = "sha256:0987654321fedcba0987654321fedcba0987654321fedcba"}
]

[[package]]
name = "azure-cosmos"
version = "4.5.1"
description = "Microsoft Azure Cosmos Client Library for Python"
category = "main"
optional = false
python-versions = ">=3.7"
files = [
    {file = "azure-cosmos-4.5.1.tar.gz", hash = "sha256:1234567890abcdef1234567890abcdef1234567890abcdef"},
    {file = "azure_cosmos-4.5.1-py3-none-any.whl", hash = "sha256:0987654321fedcba0987654321fedcba0987654321fedcba"}
]

[[package]]
name = "azure-identity"
version = "1.14.0"
description = "Microsoft Azure Identity Library for Python"
category = "main"
optional = false
python-versions = ">=3.7"
files = [
    {file = "azure-identity-1.14.0.tar.gz", hash = "sha256:1234567890abcdef1234567890abcdef1234567890abcdef"},
    {file = "azure_identity-1.14.0-py3-none-any.whl", hash = "sha256:0987654321fedcba0987654321fedcba0987654321fedcba"}
]

[[package]]
name = "python-jose"
version = "3.3.0"
description = "JOSE implementation in Python"
category = "main"
optional = false
python-versions = "*"
files = [
    {file = "python-jose-3.3.0.tar.gz", hash = "sha256:1234567890abcdef1234567890abcdef1234567890abcdef"},
    {file = "python_jose-3.3.0-py3-none-any.whl", hash = "sha256:0987654321fedcba0987654321fedcba0987654321fedcba"}
]

[[package]]
name = "passlib"
version = "1.7.4"
description = "comprehensive password hashing framework supporting over 30 schemes"
category = "main"
optional = false
python-versions = "*"
files = [
    {file = "passlib-1.7.4.tar.gz", hash = "sha256:1234567890abcdef1234567890abcdef1234567890abcdef"},
    {file = "passlib-1.7.4-py2.py3-none-any.whl", hash = "sha256:0987654321fedcba0987654321fedcba0987654321fedcba"}
]

[[package]]
name = "bcrypt"
version = "4.0.1"
description = "Modern password hashing for your software and your servers"
category = "main"
optional = false
python-versions = ">=3.6"
files = [
    {file = "bcrypt-4.0.1.tar.gz", hash = "sha256:1234567890abcdef1234567890abcdef1234567890abcdef"},
    {file = "bcrypt-4.0.1-py3-none-any.whl", hash = "sha256:0987654321fedcba0987654321fedcba0987654321fedcba"}
]

[[package]]
name = "celery"
version = "5.3.4"
description = "Distributed Task Queue"
category = "main"
optional = false
python-versions = ">=3.8"
files = [
    {file = "celery-5.3.4.tar.gz", hash = "sha256:1234567890abcdef1234567890abcdef1234567890abcdef"},
    {file = "celery-5.3.4-py3-none-any.whl", hash = "sha256:0987654321fedcba0987654321fedcba0987654321fedcba"}
]

[[package]]
name = "redis"
version = "5.0.0"
description = "Python client for Redis database and key-value store"
category = "main"
optional = false
python-versions = ">=3.7"
files = [
    {file = "redis-5.0.0.tar.gz", hash = "sha256:1234567890abcdef1234567890abcdef1234567890abcdef"},
    {file = "redis-5.0.0-py3-none-any.whl", hash = "sha256:0987654321fedcba0987654321fedcba0987654321fedcba"}
]

[[package]]
name = "pytest"
version = "7.4.2"
description = "pytest: simple powerful testing with Python"
category = "dev"
optional = false
python-versions = ">=3.7"
files = [
    {file = "pytest-7.4.2.tar.gz", hash = "sha256:1234567890abcdef1234567890abcdef1234567890abcdef"},
    {file = "pytest-7.4.2-py3-none-any.whl", hash = "sha256:0987654321fedcba0987654321fedcba0987654321fedcba"}
]

[[package]]
name = "black"
version = "23.7.0"
description = "The uncompromising code formatter."
category = "dev"
optional = false
python-versions = ">=3.8"
files = [
    {file = "black-23.7.0.tar.gz", hash = "sha256:1234567890abcdef1234567890abcdef1234567890abcdef"},
    {file = "black-23.7.0-py3-none-any.whl", hash = "sha256:0987654321fedcba0987654321fedcba0987654321fedcba"}
]

[[package]]
name = "mypy"
version = "1.5.1"
description = "Optional static typing for Python"
category = "dev"
optional = false
python-versions = ">=3.8"
files = [
    {file = "mypy-1.5.1.tar.gz", hash = "sha256:1234567890abcdef1234567890abcdef1234567890abcdef"},
    {file = "mypy-1.5.1-py3-none-any.whl", hash = "sha256:0987654321fedcba0987654321fedcba0987654321fedcba"}
]

[[package]]
name = "pre-commit"
version = "3.4.0"
description = "A framework for managing and maintaining multi-language pre-commit hooks"
category = "dev"
optional = false
python-versions = ">=3.8"
files = [
    {file = "pre_commit-3.4.0.tar.gz", hash = "sha256:1234567890abcdef1234567890abcdef1234567890abcdef"},
    {file = "pre_commit-3.4.0-py3-none-any.whl", hash = "sha256:0987654321fedcba0987654321fedcba0987654321fedcba"}
]

[metadata]
lock-version = "2.0"
python-versions = "^3.11"
content-hash = "1234567890abcdef1234567890abcdef1234567890abcdef1234567890abcdef"

[metadata.files]
# File hashes omitted for brevity

[build-system]
requires = ["poetry-core>=1.7.0"]
build-backend = "poetry.core.masonry.api"